// !$*UTF8*$!
{
	archiveVersion = 1;
	classes = {
	};
	objectVersion = 48;
	objects = {

/* Begin PBXBuildFile section */
		1A77014F1FA5098400BABFC5 /* AppDelegate.swift in Sources */ = {isa = PBXBuildFile; fileRef = 1A77014E1FA5098400BABFC5 /* AppDelegate.swift */; };
		1A7701511FA5098400BABFC5 /* RecipesDetailsViewController.swift in Sources */ = {isa = PBXBuildFile; fileRef = 1A7701501FA5098400BABFC5 /* RecipesDetailsViewController.swift */; };
		1A7701541FA5098400BABFC5 /* Main.storyboard in Resources */ = {isa = PBXBuildFile; fileRef = 1A7701521FA5098400BABFC5 /* Main.storyboard */; };
		1A7701571FA5098400BABFC5 /* DemoApp.xcdatamodeld in Sources */ = {isa = PBXBuildFile; fileRef = 1A7701551FA5098400BABFC5 /* DemoApp.xcdatamodeld */; };
		1A7701591FA5098400BABFC5 /* Assets.xcassets in Resources */ = {isa = PBXBuildFile; fileRef = 1A7701581FA5098400BABFC5 /* Assets.xcassets */; };
		1A77015C1FA5098400BABFC5 /* LaunchScreen.storyboard in Resources */ = {isa = PBXBuildFile; fileRef = 1A77015A1FA5098400BABFC5 /* LaunchScreen.storyboard */; };
		1A7701641FAA576700BABFC5 /* RecipesViewController.swift in Sources */ = {isa = PBXBuildFile; fileRef = 1A7701631FAA576700BABFC5 /* RecipesViewController.swift */; };
		1A77016A1FAA605200BABFC5 /* CoreDataManager.swift in Sources */ = {isa = PBXBuildFile; fileRef = 1A7701691FAA605200BABFC5 /* CoreDataManager.swift */; };
		1AC4729A1FBA1C3700601881 /* AddNewRecipesViweController.swift in Sources */ = {isa = PBXBuildFile; fileRef = 1AC472991FBA1C3700601881 /* AddNewRecipesViweController.swift */; };
		1AC4729E1FBCD51800601881 /* RecepiesTableViewCell.swift in Sources */ = {isa = PBXBuildFile; fileRef = 1AC4729D1FBCD51800601881 /* RecepiesTableViewCell.swift */; };
		1ADE71D01FAA636000B3BC69 /* Recipes+CoreDataClass.swift in Sources */ = {isa = PBXBuildFile; fileRef = 1ADE71CE1FAA636000B3BC69 /* Recipes+CoreDataClass.swift */; };
		1ADE71D11FAA636000B3BC69 /* Recipes+CoreDataProperties.swift in Sources */ = {isa = PBXBuildFile; fileRef = 1ADE71CF1FAA636000B3BC69 /* Recipes+CoreDataProperties.swift */; };
		2C0CA86E81978A59A4AF39FA /* Pods_DemoApp.framework in Frameworks */ = {isa = PBXBuildFile; fileRef = 53593CF3031ACCC5B342888E /* Pods_DemoApp.framework */; };
/* End PBXBuildFile section */

/* Begin PBXFileReference section */
		1754C432D69D8F7FBB82B0F0 /* Pods-DemoApp.debug.xcconfig */ = {isa = PBXFileReference; includeInIndex = 1; lastKnownFileType = text.xcconfig; name = "Pods-DemoApp.debug.xcconfig"; path = "Pods/Target Support Files/Pods-DemoApp/Pods-DemoApp.debug.xcconfig"; sourceTree = "<group>"; };
		1A77014B1FA5098400BABFC5 /* DemoApp.app */ = {isa = PBXFileReference; explicitFileType = wrapper.application; includeInIndex = 0; path = DemoApp.app; sourceTree = BUILT_PRODUCTS_DIR; };
		1A77014E1FA5098400BABFC5 /* AppDelegate.swift */ = {isa = PBXFileReference; lastKnownFileType = sourcecode.swift; path = AppDelegate.swift; sourceTree = "<group>"; };
		1A7701501FA5098400BABFC5 /* RecipesDetailsViewController.swift */ = {isa = PBXFileReference; lastKnownFileType = sourcecode.swift; path = RecipesDetailsViewController.swift; sourceTree = "<group>"; };
		1A7701531FA5098400BABFC5 /* Base */ = {isa = PBXFileReference; lastKnownFileType = file.storyboard; name = Base; path = Base.lproj/Main.storyboard; sourceTree = "<group>"; };
		1A7701561FA5098400BABFC5 /* DemoApp.xcdatamodel */ = {isa = PBXFileReference; lastKnownFileType = wrapper.xcdatamodel; path = DemoApp.xcdatamodel; sourceTree = "<group>"; };
		1A7701581FA5098400BABFC5 /* Assets.xcassets */ = {isa = PBXFileReference; lastKnownFileType = folder.assetcatalog; path = Assets.xcassets; sourceTree = "<group>"; };
		1A77015B1FA5098400BABFC5 /* Base */ = {isa = PBXFileReference; lastKnownFileType = file.storyboard; name = Base; path = Base.lproj/LaunchScreen.storyboard; sourceTree = "<group>"; };
		1A77015D1FA5098400BABFC5 /* Info.plist */ = {isa = PBXFileReference; lastKnownFileType = text.plist.xml; path = Info.plist; sourceTree = "<group>"; };
		1A7701631FAA576700BABFC5 /* RecipesViewController.swift */ = {isa = PBXFileReference; lastKnownFileType = sourcecode.swift; path = RecipesViewController.swift; sourceTree = "<group>"; };
		1A7701691FAA605200BABFC5 /* CoreDataManager.swift */ = {isa = PBXFileReference; lastKnownFileType = sourcecode.swift; path = CoreDataManager.swift; sourceTree = "<group>"; };
		1AC472991FBA1C3700601881 /* AddNewRecipesViweController.swift */ = {isa = PBXFileReference; lastKnownFileType = sourcecode.swift; path = AddNewRecipesViweController.swift; sourceTree = "<group>"; };
		1AC4729D1FBCD51800601881 /* RecepiesTableViewCell.swift */ = {isa = PBXFileReference; lastKnownFileType = sourcecode.swift; path = RecepiesTableViewCell.swift; sourceTree = "<group>"; };
		1ADE71CE1FAA636000B3BC69 /* Recipes+CoreDataClass.swift */ = {isa = PBXFileReference; lastKnownFileType = sourcecode.swift; path = "Recipes+CoreDataClass.swift"; sourceTree = "<group>"; };
		1ADE71CF1FAA636000B3BC69 /* Recipes+CoreDataProperties.swift */ = {isa = PBXFileReference; lastKnownFileType = sourcecode.swift; path = "Recipes+CoreDataProperties.swift"; sourceTree = "<group>"; };
		53593CF3031ACCC5B342888E /* Pods_DemoApp.framework */ = {isa = PBXFileReference; explicitFileType = wrapper.framework; includeInIndex = 0; path = Pods_DemoApp.framework; sourceTree = BUILT_PRODUCTS_DIR; };
		63F6EBC698BB99DB8467CD05 /* Pods-DemoApp.release.xcconfig */ = {isa = PBXFileReference; includeInIndex = 1; lastKnownFileType = text.xcconfig; name = "Pods-DemoApp.release.xcconfig"; path = "Pods/Target Support Files/Pods-DemoApp/Pods-DemoApp.release.xcconfig"; sourceTree = "<group>"; };
/* End PBXFileReference section */

/* Begin PBXFrameworksBuildPhase section */
		1A7701481FA5098400BABFC5 /* Frameworks */ = {
			isa = PBXFrameworksBuildPhase;
			buildActionMask = 2147483647;
			files = (
				2C0CA86E81978A59A4AF39FA /* Pods_DemoApp.framework in Frameworks */,
			);
			runOnlyForDeploymentPostprocessing = 0;
		};
/* End PBXFrameworksBuildPhase section */

/* Begin PBXGroup section */
		1A7701421FA5098400BABFC5 = {
			isa = PBXGroup;
			children = (
				1A77014D1FA5098400BABFC5 /* DemoApp */,
				1A77014C1FA5098400BABFC5 /* Products */,
				9A35188C85B4FE556657ED42 /* Pods */,
				A23098C051C5D1602028B221 /* Frameworks */,
			);
			sourceTree = "<group>";
		};
		1A77014C1FA5098400BABFC5 /* Products */ = {
			isa = PBXGroup;
			children = (
				1A77014B1FA5098400BABFC5 /* DemoApp.app */,
			);
			name = Products;
			sourceTree = "<group>";
		};
		1A77014D1FA5098400BABFC5 /* DemoApp */ = {
			isa = PBXGroup;
			children = (
				1AC4729C1FBA1EFF00601881 /* Model */,
				1A77014E1FA5098400BABFC5 /* AppDelegate.swift */,
				1AC4729B1FBA1C6400601881 /* ViewControllers */,
				1A7701521FA5098400BABFC5 /* Main.storyboard */,
				1A7701581FA5098400BABFC5 /* Assets.xcassets */,
				1A77015A1FA5098400BABFC5 /* LaunchScreen.storyboard */,
				1A77015D1FA5098400BABFC5 /* Info.plist */,
				1A7701551FA5098400BABFC5 /* DemoApp.xcdatamodeld */,
				1A7701691FAA605200BABFC5 /* CoreDataManager.swift */,
				1AC4729F1FBCD6DA00601881 /* View */,
			);
			path = DemoApp;
			sourceTree = "<group>";
		};
		1AC4729B1FBA1C6400601881 /* ViewControllers */ = {
			isa = PBXGroup;
			children = (
				1A7701501FA5098400BABFC5 /* RecipesDetailsViewController.swift */,
				1A7701631FAA576700BABFC5 /* RecipesViewController.swift */,
				1AC472991FBA1C3700601881 /* AddNewRecipesViweController.swift */,
			);
			path = ViewControllers;
			sourceTree = "<group>";
		};
		1AC4729C1FBA1EFF00601881 /* Model */ = {
			isa = PBXGroup;
			children = (
				1ADE71CE1FAA636000B3BC69 /* Recipes+CoreDataClass.swift */,
				1ADE71CF1FAA636000B3BC69 /* Recipes+CoreDataProperties.swift */,
			);
			path = Model;
			sourceTree = "<group>";
		};
		1AC4729F1FBCD6DA00601881 /* View */ = {
			isa = PBXGroup;
			children = (
				1AC4729D1FBCD51800601881 /* RecepiesTableViewCell.swift */,
			);
			name = View;
			path = "New Group";
			sourceTree = "<group>";
		};
		9A35188C85B4FE556657ED42 /* Pods */ = {
			isa = PBXGroup;
			children = (
				1754C432D69D8F7FBB82B0F0 /* Pods-DemoApp.debug.xcconfig */,
				63F6EBC698BB99DB8467CD05 /* Pods-DemoApp.release.xcconfig */,
			);
			name = Pods;
			sourceTree = "<group>";
		};
		A23098C051C5D1602028B221 /* Frameworks */ = {
			isa = PBXGroup;
			children = (
				53593CF3031ACCC5B342888E /* Pods_DemoApp.framework */,
			);
			name = Frameworks;
			sourceTree = "<group>";
		};
/* End PBXGroup section */

/* Begin PBXNativeTarget section */
		1A77014A1FA5098400BABFC5 /* DemoApp */ = {
			isa = PBXNativeTarget;
			buildConfigurationList = 1A7701601FA5098400BABFC5 /* Build configuration list for PBXNativeTarget "DemoApp" */;
			buildPhases = (
				5D38FDCB7C13DEAF0D18E197 /* [CP] Check Pods Manifest.lock */,
				1A7701471FA5098400BABFC5 /* Sources */,
				1A7701481FA5098400BABFC5 /* Frameworks */,
				1A7701491FA5098400BABFC5 /* Resources */,
				87B510F7B12CD1A72392417D /* [CP] Embed Pods Frameworks */,
				5BA16FBF3B186159DE361FC8 /* [CP] Copy Pods Resources */,
			);
			buildRules = (
			);
			dependencies = (
			);
			name = DemoApp;
			productName = DemoApp;
			productReference = 1A77014B1FA5098400BABFC5 /* DemoApp.app */;
			productType = "com.apple.product-type.application";
		};
/* End PBXNativeTarget section */

/* Begin PBXProject section */
		1A7701431FA5098400BABFC5 /* Project object */ = {
			isa = PBXProject;
			attributes = {
				LastSwiftUpdateCheck = 0900;
				LastUpgradeCheck = 0900;
				ORGANIZATIONNAME = "Marija Sumakovic";
				TargetAttributes = {
					1A77014A1FA5098400BABFC5 = {
						CreatedOnToolsVersion = 9.0.1;
						ProvisioningStyle = Automatic;
					};
				};
			};
			buildConfigurationList = 1A7701461FA5098400BABFC5 /* Build configuration list for PBXProject "DemoApp" */;
			compatibilityVersion = "Xcode 8.0";
			developmentRegion = en;
			hasScannedForEncodings = 0;
			knownRegions = (
				en,
				Base,
			);
			mainGroup = 1A7701421FA5098400BABFC5;
			productRefGroup = 1A77014C1FA5098400BABFC5 /* Products */;
			projectDirPath = "";
			projectRoot = "";
			targets = (
				1A77014A1FA5098400BABFC5 /* DemoApp */,
			);
		};
/* End PBXProject section */

/* Begin PBXResourcesBuildPhase section */
		1A7701491FA5098400BABFC5 /* Resources */ = {
			isa = PBXResourcesBuildPhase;
			buildActionMask = 2147483647;
			files = (
				1A77015C1FA5098400BABFC5 /* LaunchScreen.storyboard in Resources */,
				1A7701591FA5098400BABFC5 /* Assets.xcassets in Resources */,
				1A7701541FA5098400BABFC5 /* Main.storyboard in Resources */,
			);
			runOnlyForDeploymentPostprocessing = 0;
		};
/* End PBXResourcesBuildPhase section */

/* Begin PBXShellScriptBuildPhase section */
		5BA16FBF3B186159DE361FC8 /* [CP] Copy Pods Resources */ = {
			isa = PBXShellScriptBuildPhase;
			buildActionMask = 2147483647;
			files = (
			);
			inputPaths = (
			);
			name = "[CP] Copy Pods Resources";
			outputPaths = (
			);
			runOnlyForDeploymentPostprocessing = 0;
			shellPath = /bin/sh;
			shellScript = "\"${SRCROOT}/Pods/Target Support Files/Pods-DemoApp/Pods-DemoApp-resources.sh\"\n";
			showEnvVarsInLog = 0;
		};
		5D38FDCB7C13DEAF0D18E197 /* [CP] Check Pods Manifest.lock */ = {
			isa = PBXShellScriptBuildPhase;
			buildActionMask = 2147483647;
			files = (
			);
			inputPaths = (
				"${PODS_PODFILE_DIR_PATH}/Podfile.lock",
				"${PODS_ROOT}/Manifest.lock",
			);
			name = "[CP] Check Pods Manifest.lock";
			outputPaths = (
				"$(DERIVED_FILE_DIR)/Pods-DemoApp-checkManifestLockResult.txt",
			);
			runOnlyForDeploymentPostprocessing = 0;
			shellPath = /bin/sh;
			shellScript = "diff \"${PODS_PODFILE_DIR_PATH}/Podfile.lock\" \"${PODS_ROOT}/Manifest.lock\" > /dev/null\nif [ $? != 0 ] ; then\n    # print error to STDERR\n    echo \"error: The sandbox is not in sync with the Podfile.lock. Run 'pod install' or update your CocoaPods installation.\" >&2\n    exit 1\nfi\n# This output is used by Xcode 'outputs' to avoid re-running this script phase.\necho \"SUCCESS\" > \"${SCRIPT_OUTPUT_FILE_0}\"\n";
			showEnvVarsInLog = 0;
		};
		87B510F7B12CD1A72392417D /* [CP] Embed Pods Frameworks */ = {
			isa = PBXShellScriptBuildPhase;
			buildActionMask = 2147483647;
			files = (
			);
			inputPaths = (
				"${SRCROOT}/Pods/Target Support Files/Pods-DemoApp/Pods-DemoApp-frameworks.sh",
				"${BUILT_PRODUCTS_DIR}/Cosmos/Cosmos.framework",
				"${BUILT_PRODUCTS_DIR}/IQKeyboardManagerSwift/IQKeyboardManagerSwift.framework",
			);
			name = "[CP] Embed Pods Frameworks";
			outputPaths = (
				"${TARGET_BUILD_DIR}/${FRAMEWORKS_FOLDER_PATH}/Cosmos.framework",
				"${TARGET_BUILD_DIR}/${FRAMEWORKS_FOLDER_PATH}/IQKeyboardManagerSwift.framework",
			);
			runOnlyForDeploymentPostprocessing = 0;
			shellPath = /bin/sh;
			shellScript = "\"${SRCROOT}/Pods/Target Support Files/Pods-DemoApp/Pods-DemoApp-frameworks.sh\"\n";
			showEnvVarsInLog = 0;
		};
/* End PBXShellScriptBuildPhase section */

/* Begin PBXSourcesBuildPhase section */
		1A7701471FA5098400BABFC5 /* Sources */ = {
			isa = PBXSourcesBuildPhase;
			buildActionMask = 2147483647;
			files = (
				1A7701511FA5098400BABFC5 /* RecipesDetailsViewController.swift in Sources */,
				1AC4729E1FBCD51800601881 /* RecepiesTableViewCell.swift in Sources */,
				1A7701641FAA576700BABFC5 /* RecipesViewController.swift in Sources */,
				1A7701571FA5098400BABFC5 /* DemoApp.xcdatamodeld in Sources */,
				1AC4729A1FBA1C3700601881 /* AddNewRecipesViweController.swift in Sources */,
				1ADE71D01FAA636000B3BC69 /* Recipes+CoreDataClass.swift in Sources */,
				1A77016A1FAA605200BABFC5 /* CoreDataManager.swift in Sources */,
				1A77014F1FA5098400BABFC5 /* AppDelegate.swift in Sources */,
				1ADE71D11FAA636000B3BC69 /* Recipes+CoreDataProperties.swift in Sources */,
			);
			runOnlyForDeploymentPostprocessing = 0;
		};
/* End PBXSourcesBuildPhase section */

/* Begin PBXVariantGroup section */
		1A7701521FA5098400BABFC5 /* Main.storyboard */ = {
			isa = PBXVariantGroup;
			children = (
				1A7701531FA5098400BABFC5 /* Base */,
			);
			name = Main.storyboard;
			sourceTree = "<group>";
		};
		1A77015A1FA5098400BABFC5 /* LaunchScreen.storyboard */ = {
			isa = PBXVariantGroup;
			children = (
				1A77015B1FA5098400BABFC5 /* Base */,
			);
			name = LaunchScreen.storyboard;
			sourceTree = "<group>";
		};
/* End PBXVariantGroup section */

/* Begin XCBuildConfiguration section */
		1A77015E1FA5098400BABFC5 /* Debug */ = {
			isa = XCBuildConfiguration;
			buildSettings = {
				ALWAYS_SEARCH_USER_PATHS = NO;
				CLANG_ANALYZER_NONNULL = YES;
				CLANG_ANALYZER_NUMBER_OBJECT_CONVERSION = YES_AGGRESSIVE;
				CLANG_CXX_LANGUAGE_STANDARD = "gnu++14";
				CLANG_CXX_LIBRARY = "libc++";
				CLANG_ENABLE_MODULES = YES;
				CLANG_ENABLE_OBJC_ARC = YES;
				CLANG_WARN_BLOCK_CAPTURE_AUTORELEASING = YES;
				CLANG_WARN_BOOL_CONVERSION = YES;
				CLANG_WARN_COMMA = YES;
				CLANG_WARN_CONSTANT_CONVERSION = YES;
				CLANG_WARN_DIRECT_OBJC_ISA_USAGE = YES_ERROR;
				CLANG_WARN_DOCUMENTATION_COMMENTS = YES;
				CLANG_WARN_EMPTY_BODY = YES;
				CLANG_WARN_ENUM_CONVERSION = YES;
				CLANG_WARN_INFINITE_RECURSION = YES;
				CLANG_WARN_INT_CONVERSION = YES;
				CLANG_WARN_NON_LITERAL_NULL_CONVERSION = YES;
				CLANG_WARN_OBJC_LITERAL_CONVERSION = YES;
				CLANG_WARN_OBJC_ROOT_CLASS = YES_ERROR;
				CLANG_WARN_RANGE_LOOP_ANALYSIS = YES;
				CLANG_WARN_STRICT_PROTOTYPES = YES;
				CLANG_WARN_SUSPICIOUS_MOVE = YES;
				CLANG_WARN_UNGUARDED_AVAILABILITY = YES_AGGRESSIVE;
				CLANG_WARN_UNREACHABLE_CODE = YES;
				CLANG_WARN__DUPLICATE_METHOD_MATCH = YES;
				CODE_SIGN_IDENTITY = "iPhone Developer";
				COPY_PHASE_STRIP = NO;
				DEBUG_INFORMATION_FORMAT = dwarf;
				ENABLE_STRICT_OBJC_MSGSEND = YES;
				ENABLE_TESTABILITY = YES;
				GCC_C_LANGUAGE_STANDARD = gnu11;
				GCC_DYNAMIC_NO_PIC = NO;
				GCC_NO_COMMON_BLOCKS = YES;
				GCC_OPTIMIZATION_LEVEL = 0;
				GCC_PREPROCESSOR_DEFINITIONS = (
					"DEBUG=1",
					"$(inherited)",
				);
				GCC_WARN_64_TO_32_BIT_CONVERSION = YES;
				GCC_WARN_ABOUT_RETURN_TYPE = YES_ERROR;
				GCC_WARN_UNDECLARED_SELECTOR = YES;
				GCC_WARN_UNINITIALIZED_AUTOS = YES_AGGRESSIVE;
				GCC_WARN_UNUSED_FUNCTION = YES;
				GCC_WARN_UNUSED_VARIABLE = YES;
				IPHONEOS_DEPLOYMENT_TARGET = 11.0;
				MTL_ENABLE_DEBUG_INFO = YES;
				ONLY_ACTIVE_ARCH = YES;
				SDKROOT = iphoneos;
				SWIFT_ACTIVE_COMPILATION_CONDITIONS = DEBUG;
				SWIFT_OPTIMIZATION_LEVEL = "-Onone";
			};
			name = Debug;
		};
		1A77015F1FA5098400BABFC5 /* Release */ = {
			isa = XCBuildConfiguration;
			buildSettings = {
				ALWAYS_SEARCH_USER_PATHS = NO;
				CLANG_ANALYZER_NONNULL = YES;
				CLANG_ANALYZER_NUMBER_OBJECT_CONVERSION = YES_AGGRESSIVE;
				CLANG_CXX_LANGUAGE_STANDARD = "gnu++14";
				CLANG_CXX_LIBRARY = "libc++";
				CLANG_ENABLE_MODULES = YES;
				CLANG_ENABLE_OBJC_ARC = YES;
				CLANG_WARN_BLOCK_CAPTURE_AUTORELEASING = YES;
				CLANG_WARN_BOOL_CONVERSION = YES;
				CLANG_WARN_COMMA = YES;
				CLANG_WARN_CONSTANT_CONVERSION = YES;
				CLANG_WARN_DIRECT_OBJC_ISA_USAGE = YES_ERROR;
				CLANG_WARN_DOCUMENTATION_COMMENTS = YES;
				CLANG_WARN_EMPTY_BODY = YES;
				CLANG_WARN_ENUM_CONVERSION = YES;
				CLANG_WARN_INFINITE_RECURSION = YES;
				CLANG_WARN_INT_CONVERSION = YES;
				CLANG_WARN_NON_LITERAL_NULL_CONVERSION = YES;
				CLANG_WARN_OBJC_LITERAL_CONVERSION = YES;
				CLANG_WARN_OBJC_ROOT_CLASS = YES_ERROR;
				CLANG_WARN_RANGE_LOOP_ANALYSIS = YES;
				CLANG_WARN_STRICT_PROTOTYPES = YES;
				CLANG_WARN_SUSPICIOUS_MOVE = YES;
				CLANG_WARN_UNGUARDED_AVAILABILITY = YES_AGGRESSIVE;
				CLANG_WARN_UNREACHABLE_CODE = YES;
				CLANG_WARN__DUPLICATE_METHOD_MATCH = YES;
				CODE_SIGN_IDENTITY = "iPhone Developer";
				COPY_PHASE_STRIP = NO;
				DEBUG_INFORMATION_FORMAT = "dwarf-with-dsym";
				ENABLE_NS_ASSERTIONS = NO;
				ENABLE_STRICT_OBJC_MSGSEND = YES;
				GCC_C_LANGUAGE_STANDARD = gnu11;
				GCC_NO_COMMON_BLOCKS = YES;
				GCC_WARN_64_TO_32_BIT_CONVERSION = YES;
				GCC_WARN_ABOUT_RETURN_TYPE = YES_ERROR;
				GCC_WARN_UNDECLARED_SELECTOR = YES;
				GCC_WARN_UNINITIALIZED_AUTOS = YES_AGGRESSIVE;
				GCC_WARN_UNUSED_FUNCTION = YES;
				GCC_WARN_UNUSED_VARIABLE = YES;
				IPHONEOS_DEPLOYMENT_TARGET = 11.0;
				MTL_ENABLE_DEBUG_INFO = NO;
				SDKROOT = iphoneos;
				SWIFT_OPTIMIZATION_LEVEL = "-Owholemodule";
				VALIDATE_PRODUCT = YES;
			};
			name = Release;
		};
		1A7701611FA5098400BABFC5 /* Debug */ = {
			isa = XCBuildConfiguration;
			baseConfigurationReference = 1754C432D69D8F7FBB82B0F0 /* Pods-DemoApp.debug.xcconfig */;
			buildSettings = {
				ASSETCATALOG_COMPILER_APPICON_NAME = AppIcon;
				CODE_SIGN_STYLE = Automatic;
				INFOPLIST_FILE = DemoApp/Info.plist;
				LD_RUNPATH_SEARCH_PATHS = "$(inherited) @executable_path/Frameworks";
				PRODUCT_BUNDLE_IDENTIFIER = marija.sumakovic.DemoApp;
				PRODUCT_NAME = "$(TARGET_NAME)";
				SWIFT_VERSION = 4.0;
				TARGETED_DEVICE_FAMILY = "1,2";
			};
			name = Debug;
		};
		1A7701621FA5098400BABFC5 /* Release */ = {
			isa = XCBuildConfiguration;
			baseConfigurationReference = 63F6EBC698BB99DB8467CD05 /* Pods-DemoApp.release.xcconfig */;
			buildSettings = {
				ASSETCATALOG_COMPILER_APPICON_NAME = AppIcon;
				CODE_SIGN_STYLE = Automatic;
				INFOPLIST_FILE = DemoApp/Info.plist;
				LD_RUNPATH_SEARCH_PATHS = "$(inherited) @executable_path/Frameworks";
				PRODUCT_BUNDLE_IDENTIFIER = marija.sumakovic.DemoApp;
				PRODUCT_NAME = "$(TARGET_NAME)";
				SWIFT_VERSION = 4.0;
				TARGETED_DEVICE_FAMILY = "1,2";
			};
			name = Release;
		};
/* End XCBuildConfiguration section */

/* Begin XCConfigurationList section */
		1A7701461FA5098400BABFC5 /* Build configuration list for PBXProject "DemoApp" */ = {
			isa = XCConfigurationList;
			buildConfigurations = (
				1A77015E1FA5098400BABFC5 /* Debug */,
				1A77015F1FA5098400BABFC5 /* Release */,
			);
			defaultConfigurationIsVisible = 0;
			defaultConfigurationName = Release;
		};
		1A7701601FA5098400BABFC5 /* Build configuration list for PBXNativeTarget "DemoApp" */ = {
			isa = XCConfigurationList;
			buildConfigurations = (
				1A7701611FA5098400BABFC5 /* Debug */,
				1A7701621FA5098400BABFC5 /* Release */,
			);
			defaultConfigurationIsVisible = 0;
			defaultConfigurationName = Release;
		};
/* End XCConfigurationList section */

/* Begin XCVersionGroup section */
		1A7701551FA5098400BABFC5 /* DemoApp.xcdatamodeld */ = {
			isa = XCVersionGroup;
			children = (
				1A7701561FA5098400BABFC5 /* DemoApp.xcdatamodel */,
			);
			currentVersion = 1A7701561FA5098400BABFC5 /* DemoApp.xcdatamodel */;
			path = DemoApp.xcdatamodeld;
			sourceTree = "<group>";
			versionGroupType = wrapper.xcdatamodel;
		};
/* End XCVersionGroup section */
	};
	rootObject = 1A7701431FA5098400BABFC5 /* Project object */;
}
